{
  "name": "merosadak",
  "version": "1.0.0",
  "lockfileVersion": 3,
  "requires": true,
  "packages": {
    "": {
      "name": "merosadak",
      "version": "1.0.0",
      "engines": {
        "node": ">=20.0.0"
      }
    },
    "backend": {
      "name": "merosadak-backend",
      "version": "1.0.0",
      "extraneous": true,
      "dependencies": {
        "@sentry/node": "^10.38.0",
        "@upstash/redis": "^1.36.2",
        "axios": "^1.13.6",
        "concurrently": "^9.2.1",
        "cors": "^2.8.6",
        "dotenv": "^17.2.3",
        "express": "^5.2.1",
        "express-rate-limit": "^8.2.1",
        "fuse.js": "^7.0.0",
        "helmet": "^8.1.0",
        "ioredis": "^5.9.2",
        "jsonwebtoken": "^9.0.2",
        "node-cron": "^3.0.3",
        "nodemailer": "^8.0.4",
        "portfinder": "^1.0.32",
        "ws": "^8.19.0",
        "zod": "^3.24.0"
      },
      "devDependencies": {
        "@eslint/js": "^9.39.2",
        "@types/cors": "^2.8.17",
        "@types/express": "^5.0.3",
        "@types/jsonwebtoken": "^9.0.9",
        "@types/node": "^22.15.3",
        "@types/nodemailer": "^6.4.17",
        "@types/web-push": "^3.6.4",
        "@types/ws": "^8.5.14",
        "cross-env": "^10.1.0",
        "eslint": "^9.39.2",
        "globals": "^14.0.0",
        "pdfkit": "^0.18.0",
        "rimraf": "^6.0.1",
        "tsup": "^8.4.0",
        "tsx": "^4.19.4",
        "typescript": "^5.8.3",
        "typescript-eslint": "^8.0.0",
        "vitest": "^4.1.4",
        "web-push": "^3.6.7",
        "wrangler": "^4.13.2"
      },
      "engines": {
        "node": ">=20.0.0"
      }
    },
    "frontend": {
      "name": "merosadak-frontend",
      "version": "0.0.0",
      "extraneous": true,
      "dependencies": {
        "@google/genai": "^1.38.0",
        "@types/leaflet": "^1.9.8",
        "isomorphic-ws": "^5.0.0",
        "leaflet": "^1.9.4",
        "leaflet.markercluster": "^1.5.3",
        "lucide-react": "^0.563.0",
        "react": "18.3.1",
        "react-dom": "18.3.1",
        "react-leaflet": "^4.2.1",
        "react-leaflet-cluster": "^2.0.0",
        "ws": "^8.19.0"
      },
      "devDependencies": {
        "@eslint/js": "^9.39.2",
        "@turf/turf": "^7.3.4",
        "@types/leaflet.markercluster": "^1.5.6",
        "@types/react": "18.3.3",
        "@types/react-dom": "18.3.0",
        "@vitejs/plugin-react": "^5.1.3",
        "autoprefixer": "10.4.19",
        "cross-env": "^10.1.0",
        "eslint": "^9.39.2",
        "eslint-plugin-react-hooks": "^7.0.1",
        "eslint-plugin-react-refresh": "^0.5.0",
        "globals": "^14.0.0",
        "postcss": "8.4.38",
        "tailwindcss": "3.4.4",
        "terser": "^5.46.1",
        "vite": "7.3.2",
        "vite-plugin-circular-dependency": "^0.5.0"
      }
    }
  }
}
